
Microsoft Visual Studio Solution File, Format Version 12.00
# Visual Studio Version 17
VisualStudioVersion = 17.7.34221.43
MinimumVisualStudioVersion = 10.0.40219.1
Project("{FAE04EC0-301F-11D3-BF4B-00C04F79EFBC}") = "ue_JLI_DropInforInvoiceDetailsToC3000", "ue_JLI_DropInforInvoiceDetailsToC3000.csproj", "{4D821A6D-9D16-4D98-87D4-7A25FC3E4094}"
EndProject
Global
	GlobalSection(SolutionConfigurationPlatforms) = preSolution
		Debug|Any CPU = Debug|Any CPU
		Release|Any CPU = Release|Any CPU
	EndGlobalSection
	GlobalSection(ProjectConfigurationPlatforms) = postSolution
		{4D821A6D-9D16-4D98-87D4-7A25FC3E4094}.Debug|Any CPU.ActiveCfg = Debug|Any CPU
		{4D821A6D-9D16-4D98-87D4-7A25FC3E4094}.Debug|Any CPU.Build.0 = Debug|Any CPU
		{4D821A6D-9D16-4D98-87D4-7A25FC3E4094}.Release|Any CPU.ActiveCfg = Release|Any CPU
		{4D821A6D-9D16-4D98-87D4-7A25FC3E4094}.Release|Any CPU.Build.0 = Release|Any CPU
	EndGlobalSection
	GlobalSection(SolutionProperties) = preSolution
		HideSolutionNode = FALSE
	EndGlobalSection
	GlobalSection(ExtensibilityGlobals) = postSolution
		SolutionGuid = {54559E8F-E82C-4740-B3F9-80C6C580BF93}
	EndGlobalSection
EndGlobal
