
Microsoft Visual Studio Solution File, Format Version 12.00
# Visual Studio Version 17
VisualStudioVersion = 17.7.34221.43
MinimumVisualStudioVersion = 10.0.40219.1
Project("{FAE04EC0-301F-11D3-BF4B-00C04F79EFBC}") = "JLI_JPScans", "JLI_JPScans.csproj", "{3A137E54-5869-4EDE-A624-F3318691A0FA}"
EndProject
Global
	GlobalSection(SolutionConfigurationPlatforms) = preSolution
		Debug|Any CPU = Debug|Any CPU
		Release|Any CPU = Release|Any CPU
	EndGlobalSection
	GlobalSection(ProjectConfigurationPlatforms) = postSolution
		{3A137E54-5869-4EDE-A624-F3318691A0FA}.Debug|Any CPU.ActiveCfg = Debug|Any CPU
		{3A137E54-5869-4EDE-A624-F3318691A0FA}.Debug|Any CPU.Build.0 = Debug|Any CPU
		{3A137E54-5869-4EDE-A624-F3318691A0FA}.Release|Any CPU.ActiveCfg = Release|Any CPU
		{3A137E54-5869-4EDE-A624-F3318691A0FA}.Release|Any CPU.Build.0 = Release|Any CPU
	EndGlobalSection
	GlobalSection(SolutionProperties) = preSolution
		HideSolutionNode = FALSE
	EndGlobalSection
	GlobalSection(ExtensibilityGlobals) = postSolution
		SolutionGuid = {E2AF745F-5D99-44E3-B019-92789C9DDEC6}
	EndGlobalSection
EndGlobal
