
Microsoft Visual Studio Solution File, Format Version 12.00
# Visual Studio Version 17
VisualStudioVersion = 17.7.34221.43
MinimumVisualStudioVersion = 10.0.40219.1
Project("{F184B08F-C81C-45F6-A57F-5ABD9991F28F}") = "ue_JLI_Catalog_Fabric_Maints", "ue_JLI_Catalog_Fabric_Maints.vbproj", "{2B211AB3-4129-41B1-8DBF-C8AAEA922C21}"
EndProject
Global
	GlobalSection(SolutionConfigurationPlatforms) = preSolution
		Debug|Any CPU = Debug|Any CPU
		Release|Any CPU = Release|Any CPU
	EndGlobalSection
	GlobalSection(ProjectConfigurationPlatforms) = postSolution
		{2B211AB3-4129-41B1-8DBF-C8AAEA922C21}.Debug|Any CPU.ActiveCfg = Debug|Any CPU
		{2B211AB3-4129-41B1-8DBF-C8AAEA922C21}.Debug|Any CPU.Build.0 = Debug|Any CPU
		{2B211AB3-4129-41B1-8DBF-C8AAEA922C21}.Release|Any CPU.ActiveCfg = Release|Any CPU
		{2B211AB3-4129-41B1-8DBF-C8AAEA922C21}.Release|Any CPU.Build.0 = Release|Any CPU
	EndGlobalSection
	GlobalSection(SolutionProperties) = preSolution
		HideSolutionNode = FALSE
	EndGlobalSection
	GlobalSection(ExtensibilityGlobals) = postSolution
		SolutionGuid = {6DC4CC58-0536-4C2E-BDA3-0EF19BC83D6B}
	EndGlobalSection
EndGlobal
